
Microsoft Visual Studio Solution File, Format Version 12.00
# Visual Studio 15
VisualStudioVersion = 15.0.27130.2010
MinimumVisualStudioVersion = 10.0.40219.1
Project("{9A19103F-16F7-4668-BE54-9A1E7A4F7556}") = "{{cookiecutter.project_name}}", "{{cookiecutter.project_name}}\{{cookiecutter.project_name}}.csproj", "{2F792C22-9439-454D-BC17-71962157B450}"
EndProject
Project("{FAE04EC0-301F-11D3-BF4B-00C04F79EFBC}") = "BitAdminService", "BitAdminService\BitAdminService.csproj", "{7D107A6C-3D12-4640-B33B-9D0A3C5190FB}"
EndProject
Project("{FAE04EC0-301F-11D3-BF4B-00C04F79EFBC}") = "BitAdminFileService", "BitAdminFileService\BitAdminFileService.csproj", "{240A4C59-5D17-45FB-BD9B-1F9C623AFA55}"
EndProject
Global
	GlobalSection(SolutionConfigurationPlatforms) = preSolution
		Debug|Any CPU = Debug|Any CPU
		Release|Any CPU = Release|Any CPU
	EndGlobalSection
	GlobalSection(ProjectConfigurationPlatforms) = postSolution
		{2F792C22-9439-454D-BC17-71962157B450}.Debug|Any CPU.ActiveCfg = Debug|Any CPU
		{2F792C22-9439-454D-BC17-71962157B450}.Debug|Any CPU.Build.0 = Debug|Any CPU
		{2F792C22-9439-454D-BC17-71962157B450}.Release|Any CPU.ActiveCfg = Release|Any CPU
		{2F792C22-9439-454D-BC17-71962157B450}.Release|Any CPU.Build.0 = Release|Any CPU
		{7D107A6C-3D12-4640-B33B-9D0A3C5190FB}.Debug|Any CPU.ActiveCfg = Debug|Any CPU
		{7D107A6C-3D12-4640-B33B-9D0A3C5190FB}.Debug|Any CPU.Build.0 = Debug|Any CPU
		{7D107A6C-3D12-4640-B33B-9D0A3C5190FB}.Release|Any CPU.ActiveCfg = Release|Any CPU
		{7D107A6C-3D12-4640-B33B-9D0A3C5190FB}.Release|Any CPU.Build.0 = Release|Any CPU
		{240A4C59-5D17-45FB-BD9B-1F9C623AFA55}.Debug|Any CPU.ActiveCfg = Debug|Any CPU
		{240A4C59-5D17-45FB-BD9B-1F9C623AFA55}.Debug|Any CPU.Build.0 = Debug|Any CPU
		{240A4C59-5D17-45FB-BD9B-1F9C623AFA55}.Release|Any CPU.ActiveCfg = Release|Any CPU
		{240A4C59-5D17-45FB-BD9B-1F9C623AFA55}.Release|Any CPU.Build.0 = Release|Any CPU
	EndGlobalSection
	GlobalSection(SolutionProperties) = preSolution
		HideSolutionNode = FALSE
	EndGlobalSection
	GlobalSection(ExtensibilityGlobals) = postSolution
		SolutionGuid = {AC57DF0B-D494-447F-AEDB-F1F9CEE853D4}
	EndGlobalSection
EndGlobal
